
Microsoft Visual Studio Solution File, Format Version 12.00
# Visual Studio Version 17
VisualStudioVersion = 17.0.31903.59
MinimumVisualStudioVersion = 10.0.40219.1
Project("{FAE04EC0-301F-11D3-BF4B-00C04F79EFBC}") = "Amz.Library", "Amz.Library\Amz.Library.csproj", "{ED8769A5-AF73-4C00-9041-C9E206BDB31D}"
EndProject
Project("{FAE04EC0-301F-11D3-BF4B-00C04F79EFBC}") = "Amz.cons", "Amz.cons\Amz.cons.csproj", "{325B968A-8804-4B99-9844-ECAEBFA6AF3E}"
EndProject
Project("{FAE04EC0-301F-11D3-BF4B-00C04F79EFBC}") = "Amz.MAUI", "Amz.MAUI\Amz.MAUI.csproj", "{B044C31C-268F-463B-8A9E-9EDDE1053B44}"
EndProject
Global
	GlobalSection(SolutionConfigurationPlatforms) = preSolution
		Debug|Any CPU = Debug|Any CPU
		Release|Any CPU = Release|Any CPU
	EndGlobalSection
	GlobalSection(ProjectConfigurationPlatforms) = postSolution
		{ED8769A5-AF73-4C00-9041-C9E206BDB31D}.Debug|Any CPU.ActiveCfg = Debug|Any CPU
		{ED8769A5-AF73-4C00-9041-C9E206BDB31D}.Debug|Any CPU.Build.0 = Debug|Any CPU
		{ED8769A5-AF73-4C00-9041-C9E206BDB31D}.Release|Any CPU.ActiveCfg = Release|Any CPU
		{ED8769A5-AF73-4C00-9041-C9E206BDB31D}.Release|Any CPU.Build.0 = Release|Any CPU
		{325B968A-8804-4B99-9844-ECAEBFA6AF3E}.Debug|Any CPU.ActiveCfg = Debug|Any CPU
		{325B968A-8804-4B99-9844-ECAEBFA6AF3E}.Debug|Any CPU.Build.0 = Debug|Any CPU
		{325B968A-8804-4B99-9844-ECAEBFA6AF3E}.Release|Any CPU.ActiveCfg = Release|Any CPU
		{325B968A-8804-4B99-9844-ECAEBFA6AF3E}.Release|Any CPU.Build.0 = Release|Any CPU
		{B044C31C-268F-463B-8A9E-9EDDE1053B44}.Debug|Any CPU.ActiveCfg = Debug|Any CPU
		{B044C31C-268F-463B-8A9E-9EDDE1053B44}.Debug|Any CPU.Build.0 = Debug|Any CPU
		{B044C31C-268F-463B-8A9E-9EDDE1053B44}.Release|Any CPU.ActiveCfg = Release|Any CPU
		{B044C31C-268F-463B-8A9E-9EDDE1053B44}.Release|Any CPU.Build.0 = Release|Any CPU
	EndGlobalSection
	GlobalSection(SolutionProperties) = preSolution
		HideSolutionNode = FALSE
	EndGlobalSection
EndGlobal
